
Microsoft Visual Studio Solution File, Format Version 12.00
# Visual Studio 15
VisualStudioVersion = 15.0.28010.2019
MinimumVisualStudioVersion = 10.0.40219.1
Project("{FAE04EC0-301F-11D3-BF4B-00C04F79EFBC}") = "BlankBlog", "BlankBlog\BlankBlog.csproj", "{CC1440B5-72F9-4B90-880D-E2BBAE558CE5}"
EndProject
Global
	GlobalSection(SolutionConfigurationPlatforms) = preSolution
		Debug|Any CPU = Debug|Any CPU
		Release|Any CPU = Release|Any CPU
	EndGlobalSection
	GlobalSection(ProjectConfigurationPlatforms) = postSolution
		{CC1440B5-72F9-4B90-880D-E2BBAE558CE5}.Debug|Any CPU.ActiveCfg = Debug|Any CPU
		{CC1440B5-72F9-4B90-880D-E2BBAE558CE5}.Debug|Any CPU.Build.0 = Debug|Any CPU
		{CC1440B5-72F9-4B90-880D-E2BBAE558CE5}.Release|Any CPU.ActiveCfg = Release|Any CPU
		{CC1440B5-72F9-4B90-880D-E2BBAE558CE5}.Release|Any CPU.Build.0 = Release|Any CPU
	EndGlobalSection
	GlobalSection(SolutionProperties) = preSolution
		HideSolutionNode = FALSE
	EndGlobalSection
	GlobalSection(ExtensibilityGlobals) = postSolution
		SolutionGuid = {5DFEFE1C-F8C4-4E62-8C3B-E906B1A8ACC0}
	EndGlobalSection
EndGlobal
